
Microsoft Visual Studio Solution File, Format Version 12.00
# Visual Studio Version 17
VisualStudioVersion = 17.12.35707.178
MinimumVisualStudioVersion = 10.0.40219.1
Project("{FAE04EC0-301F-11D3-BF4B-00C04F79EFBC}") = "AlbinMicroService.Gateway", "AlbinMicroService.Gateway\AlbinMicroService.Gateway.csproj", "{83E97FCC-54C7-489D-AE50-094058F7551E}"
EndProject
Project("{2150E333-8FDC-42A3-9474-1A3956D46DE8}") = "Tests", "Tests", "{C6082680-8015-406D-A98F-51325C08EEA5}"
EndProject
Project("{2150E333-8FDC-42A3-9474-1A3956D46DE8}") = "MicroServices", "MicroServices", "{99D7FE5B-3FBB-4097-A39F-0CC78FD7FBC5}"
EndProject
Project("{2150E333-8FDC-42A3-9474-1A3956D46DE8}") = "Deployment", "Deployment", "{B610A4B8-2A40-44A5-B930-A821A7C5BAE2}"
EndProject
Project("{2150E333-8FDC-42A3-9474-1A3956D46DE8}") = "ApiGateway", "ApiGateway", "{351C53C5-3713-42C6-BED6-FE3CEA9CD511}"
EndProject
Project("{2150E333-8FDC-42A3-9474-1A3956D46DE8}") = "Src", "Src", "{E505424C-8F8A-40FC-B64C-6340316547A9}"
	ProjectSection(SolutionItems) = preProject
		ReadMe.txt = ReadMe.txt
	EndProjectSection
EndProject
Project("{2150E333-8FDC-42A3-9474-1A3956D46DE8}") = "Tools", "Tools", "{0E23CD06-7D4A-4DEF-8DC0-519B84DDC1CA}"
	ProjectSection(SolutionItems) = preProject
		Tools-Pupose.txt = Tools-Pupose.txt
	EndProjectSection
EndProject
Project("{2150E333-8FDC-42A3-9474-1A3956D46DE8}") = "Shared", "Shared", "{3707D438-F034-4ABE-A840-C6AFE401CE88}"
	ProjectSection(SolutionItems) = preProject
		Directory-Purpose.txt = Directory-Purpose.txt
	EndProjectSection
EndProject
Project("{2150E333-8FDC-42A3-9474-1A3956D46DE8}") = "Unit.Tests", "Unit.Tests", "{968DCF81-B5DF-4570-9A6D-A84B1C425284}"
EndProject
Project("{2150E333-8FDC-42A3-9474-1A3956D46DE8}") = "Integration.Tests", "Integration.Tests", "{4C8B3C93-CC67-40A0-ADE9-2D547D56C4E9}"
EndProject
Project("{2150E333-8FDC-42A3-9474-1A3956D46DE8}") = "End-to-End.Tests", "End-to-End.Tests", "{A65C672C-50A8-4C48-BEC8-3745042185DB}"
EndProject
Project("{FAE04EC0-301F-11D3-BF4B-00C04F79EFBC}") = "AlbinMicroService.Users", "AlbinMicroService.Users\AlbinMicroService.Users.csproj", "{FF81B677-74D0-40DE-9C1A-06B1319F6E2C}"
EndProject
Project("{2150E333-8FDC-42A3-9474-1A3956D46DE8}") = "BuildingBlocks", "BuildingBlocks", "{6733F5D6-AF14-4617-A382-F2AF65D9657B}"
EndProject
Project("{2150E333-8FDC-42A3-9474-1A3956D46DE8}") = "Kernels", "Kernels", "{3B79DE3F-DCEE-47D9-A07E-B4A587C06FC3}"
EndProject
Project("{2150E333-8FDC-42A3-9474-1A3956D46DE8}") = "EventBus", "EventBus", "{2AFAF593-C1C1-4931-8C26-D4D74C0EB76E}"
EndProject
Project("{2150E333-8FDC-42A3-9474-1A3956D46DE8}") = "Core", "Core", "{C4BF9694-8FFB-4812-97F2-2043C55AE7D8}"
EndProject
Project("{FAE04EC0-301F-11D3-BF4B-00C04F79EFBC}") = "AlbinMicroService.MasterData", "AlbinMicroService.MasterData\AlbinMicroService.MasterData.csproj", "{CCC94D0A-A354-499E-AFA9-6875F232D0FD}"
EndProject
Project("{FAE04EC0-301F-11D3-BF4B-00C04F79EFBC}") = "AlbinMicroService.Core", "AlbinMicroService.Core\AlbinMicroService.Core.csproj", "{29EA9D81-ABAA-4DB0-9387-9327F56FBA24}"
EndProject
Project("{2150E333-8FDC-42A3-9474-1A3956D46DE8}") = "Docker", "Docker", "{CDF41C7D-67D9-4E07-91C9-87187CE88FC6}"
EndProject
Project("{2150E333-8FDC-42A3-9474-1A3956D46DE8}") = "Kubernetes", "Kubernetes", "{DAC7FD5B-AB14-4C5B-BAB8-81E232CCA179}"
EndProject
Project("{2150E333-8FDC-42A3-9474-1A3956D46DE8}") = "Scripts", "Scripts", "{4472452C-FC47-4E8B-A59D-0E13A56FF536}"
	ProjectSection(SolutionItems) = preProject
		Users.sql = Users.sql
	EndProjectSection
EndProject
Project("{FAE04EC0-301F-11D3-BF4B-00C04F79EFBC}") = "AlbinMicroService.Administration", "AlbinMicroService.Administration\AlbinMicroService.Administration.csproj", "{25629C9A-0AFA-48B5-8793-3840C469F485}"
EndProject
Global
	GlobalSection(SolutionConfigurationPlatforms) = preSolution
		Debug|Any CPU = Debug|Any CPU
		Release|Any CPU = Release|Any CPU
	EndGlobalSection
	GlobalSection(ProjectConfigurationPlatforms) = postSolution
		{83E97FCC-54C7-489D-AE50-094058F7551E}.Debug|Any CPU.ActiveCfg = Debug|Any CPU
		{83E97FCC-54C7-489D-AE50-094058F7551E}.Debug|Any CPU.Build.0 = Debug|Any CPU
		{83E97FCC-54C7-489D-AE50-094058F7551E}.Release|Any CPU.ActiveCfg = Release|Any CPU
		{83E97FCC-54C7-489D-AE50-094058F7551E}.Release|Any CPU.Build.0 = Release|Any CPU
		{FF81B677-74D0-40DE-9C1A-06B1319F6E2C}.Debug|Any CPU.ActiveCfg = Debug|Any CPU
		{FF81B677-74D0-40DE-9C1A-06B1319F6E2C}.Debug|Any CPU.Build.0 = Debug|Any CPU
		{FF81B677-74D0-40DE-9C1A-06B1319F6E2C}.Release|Any CPU.ActiveCfg = Release|Any CPU
		{FF81B677-74D0-40DE-9C1A-06B1319F6E2C}.Release|Any CPU.Build.0 = Release|Any CPU
		{CCC94D0A-A354-499E-AFA9-6875F232D0FD}.Debug|Any CPU.ActiveCfg = Debug|Any CPU
		{CCC94D0A-A354-499E-AFA9-6875F232D0FD}.Debug|Any CPU.Build.0 = Debug|Any CPU
		{CCC94D0A-A354-499E-AFA9-6875F232D0FD}.Release|Any CPU.ActiveCfg = Release|Any CPU
		{CCC94D0A-A354-499E-AFA9-6875F232D0FD}.Release|Any CPU.Build.0 = Release|Any CPU
		{29EA9D81-ABAA-4DB0-9387-9327F56FBA24}.Debug|Any CPU.ActiveCfg = Debug|Any CPU
		{29EA9D81-ABAA-4DB0-9387-9327F56FBA24}.Debug|Any CPU.Build.0 = Debug|Any CPU
		{29EA9D81-ABAA-4DB0-9387-9327F56FBA24}.Release|Any CPU.ActiveCfg = Release|Any CPU
		{29EA9D81-ABAA-4DB0-9387-9327F56FBA24}.Release|Any CPU.Build.0 = Release|Any CPU
		{25629C9A-0AFA-48B5-8793-3840C469F485}.Debug|Any CPU.ActiveCfg = Debug|Any CPU
		{25629C9A-0AFA-48B5-8793-3840C469F485}.Debug|Any CPU.Build.0 = Debug|Any CPU
		{25629C9A-0AFA-48B5-8793-3840C469F485}.Release|Any CPU.ActiveCfg = Release|Any CPU
		{25629C9A-0AFA-48B5-8793-3840C469F485}.Release|Any CPU.Build.0 = Release|Any CPU
	EndGlobalSection
	GlobalSection(SolutionProperties) = preSolution
		HideSolutionNode = FALSE
	EndGlobalSection
	GlobalSection(NestedProjects) = preSolution
		{83E97FCC-54C7-489D-AE50-094058F7551E} = {351C53C5-3713-42C6-BED6-FE3CEA9CD511}
		{99D7FE5B-3FBB-4097-A39F-0CC78FD7FBC5} = {E505424C-8F8A-40FC-B64C-6340316547A9}
		{351C53C5-3713-42C6-BED6-FE3CEA9CD511} = {E505424C-8F8A-40FC-B64C-6340316547A9}
		{3707D438-F034-4ABE-A840-C6AFE401CE88} = {E505424C-8F8A-40FC-B64C-6340316547A9}
		{968DCF81-B5DF-4570-9A6D-A84B1C425284} = {C6082680-8015-406D-A98F-51325C08EEA5}
		{4C8B3C93-CC67-40A0-ADE9-2D547D56C4E9} = {C6082680-8015-406D-A98F-51325C08EEA5}
		{A65C672C-50A8-4C48-BEC8-3745042185DB} = {C6082680-8015-406D-A98F-51325C08EEA5}
		{FF81B677-74D0-40DE-9C1A-06B1319F6E2C} = {99D7FE5B-3FBB-4097-A39F-0CC78FD7FBC5}
		{6733F5D6-AF14-4617-A382-F2AF65D9657B} = {3707D438-F034-4ABE-A840-C6AFE401CE88}
		{3B79DE3F-DCEE-47D9-A07E-B4A587C06FC3} = {3707D438-F034-4ABE-A840-C6AFE401CE88}
		{2AFAF593-C1C1-4931-8C26-D4D74C0EB76E} = {3707D438-F034-4ABE-A840-C6AFE401CE88}
		{C4BF9694-8FFB-4812-97F2-2043C55AE7D8} = {3707D438-F034-4ABE-A840-C6AFE401CE88}
		{CCC94D0A-A354-499E-AFA9-6875F232D0FD} = {99D7FE5B-3FBB-4097-A39F-0CC78FD7FBC5}
		{29EA9D81-ABAA-4DB0-9387-9327F56FBA24} = {C4BF9694-8FFB-4812-97F2-2043C55AE7D8}
		{CDF41C7D-67D9-4E07-91C9-87187CE88FC6} = {B610A4B8-2A40-44A5-B930-A821A7C5BAE2}
		{DAC7FD5B-AB14-4C5B-BAB8-81E232CCA179} = {B610A4B8-2A40-44A5-B930-A821A7C5BAE2}
		{4472452C-FC47-4E8B-A59D-0E13A56FF536} = {B610A4B8-2A40-44A5-B930-A821A7C5BAE2}
		{25629C9A-0AFA-48B5-8793-3840C469F485} = {99D7FE5B-3FBB-4097-A39F-0CC78FD7FBC5}
	EndGlobalSection
EndGlobal
