
Microsoft Visual Studio Solution File, Format Version 12.00
# Visual Studio Version 17
VisualStudioVersion = 17.12.35707.178
MinimumVisualStudioVersion = 10.0.40219.1
Project("{FAE04EC0-301F-11D3-BF4B-00C04F79EFBC}") = "AlbinMicroService.Gateway", "AlbinMicroService.Gateway\AlbinMicroService.Gateway.csproj", "{83E97FCC-54C7-489D-AE50-094058F7551E}"
EndProject
Project("{2150E333-8FDC-42A3-9474-1A3956D46DE8}") = "Tests", "Tests", "{C6082680-8015-406D-A98F-51325C08EEA5}"
EndProject
Project("{2150E333-8FDC-42A3-9474-1A3956D46DE8}") = "MicroServices", "MicroServices", "{99D7FE5B-3FBB-4097-A39F-0CC78FD7FBC5}"
EndProject
Project("{2150E333-8FDC-42A3-9474-1A3956D46DE8}") = "Deployment", "Deployment", "{B610A4B8-2A40-44A5-B930-A821A7C5BAE2}"
EndProject
Project("{2150E333-8FDC-42A3-9474-1A3956D46DE8}") = "ApiGateway", "ApiGateway", "{351C53C5-3713-42C6-BED6-FE3CEA9CD511}"
EndProject
Project("{2150E333-8FDC-42A3-9474-1A3956D46DE8}") = "Src", "Src", "{E505424C-8F8A-40FC-B64C-6340316547A9}"
	ProjectSection(SolutionItems) = preProject
		ReadMe.txt = ReadMe.txt
	EndProjectSection
EndProject
Project("{2150E333-8FDC-42A3-9474-1A3956D46DE8}") = "Tools", "Tools", "{0E23CD06-7D4A-4DEF-8DC0-519B84DDC1CA}"
	ProjectSection(SolutionItems) = preProject
		Tools-Pupose.txt = Tools-Pupose.txt
	EndProjectSection
EndProject
Project("{2150E333-8FDC-42A3-9474-1A3956D46DE8}") = "Shared", "Shared", "{3707D438-F034-4ABE-A840-C6AFE401CE88}"
EndProject
Project("{2150E333-8FDC-42A3-9474-1A3956D46DE8}") = "Unit.Tests", "Unit.Tests", "{968DCF81-B5DF-4570-9A6D-A84B1C425284}"
EndProject
Project("{2150E333-8FDC-42A3-9474-1A3956D46DE8}") = "Integration.Tests", "Integration.Tests", "{4C8B3C93-CC67-40A0-ADE9-2D547D56C4E9}"
EndProject
Project("{FAE04EC0-301F-11D3-BF4B-00C04F79EFBC}") = "AlbinMicroService.Users", "AlbinMicroService.Users\AlbinMicroService.Users.csproj", "{FF81B677-74D0-40DE-9C1A-06B1319F6E2C}"
EndProject
Project("{2150E333-8FDC-42A3-9474-1A3956D46DE8}") = "Core", "Core", "{C4BF9694-8FFB-4812-97F2-2043C55AE7D8}"
EndProject
Project("{FAE04EC0-301F-11D3-BF4B-00C04F79EFBC}") = "AlbinMicroService.MasterData", "AlbinMicroService.MasterData\AlbinMicroService.MasterData.csproj", "{CCC94D0A-A354-499E-AFA9-6875F232D0FD}"
EndProject
Project("{FAE04EC0-301F-11D3-BF4B-00C04F79EFBC}") = "AlbinMicroService.Core", "AlbinMicroService.Core\AlbinMicroService.Core.csproj", "{29EA9D81-ABAA-4DB0-9387-9327F56FBA24}"
EndProject
Project("{2150E333-8FDC-42A3-9474-1A3956D46DE8}") = "Docker", "Docker", "{CDF41C7D-67D9-4E07-91C9-87187CE88FC6}"
EndProject
Project("{2150E333-8FDC-42A3-9474-1A3956D46DE8}") = "Kubernetes", "Kubernetes", "{DAC7FD5B-AB14-4C5B-BAB8-81E232CCA179}"
EndProject
Project("{2150E333-8FDC-42A3-9474-1A3956D46DE8}") = "Scripts", "Scripts", "{4472452C-FC47-4E8B-A59D-0E13A56FF536}"
	ProjectSection(SolutionItems) = preProject
		Users.sql = Users.sql
	EndProjectSection
EndProject
Project("{FAE04EC0-301F-11D3-BF4B-00C04F79EFBC}") = "AlbinMicroService.Administration", "AlbinMicroService.Administration\AlbinMicroService.Administration.csproj", "{25629C9A-0AFA-48B5-8793-3840C469F485}"
EndProject
Project("{2150E333-8FDC-42A3-9474-1A3956D46DE8}") = "End_To_End.Tests", "End_To_End.Tests", "{02EA681E-C7D8-13C7-8484-4AC65E1B71E8}"
EndProject
Project("{2150E333-8FDC-42A3-9474-1A3956D46DE8}") = "Libraries", "Libraries", "{9B00D231-D11C-4BC1-A5FA-024EAC3AA275}"
EndProject
Project("{2150E333-8FDC-42A3-9474-1A3956D46DE8}") = "BuildingBlocks", "BuildingBlocks", "{E9425AC9-50CA-4AAC-A22A-8FC41B9DB91D}"
	ProjectSection(SolutionItems) = preProject
		Building-Blocks-Purpose.txt = Building-Blocks-Purpose.txt
	EndProjectSection
EndProject
Project("{2150E333-8FDC-42A3-9474-1A3956D46DE8}") = "Kernel", "Kernel", "{BB5B65D6-45D6-49DD-A5B7-C945D4F86447}"
	ProjectSection(SolutionItems) = preProject
		Kernels-Purpose.txt = Kernels-Purpose.txt
	EndProjectSection
EndProject
Project("{2150E333-8FDC-42A3-9474-1A3956D46DE8}") = "Messaging", "Messaging", "{0B048E94-618A-4489-AD98-9DF4A002F6E5}"
EndProject
Project("{2150E333-8FDC-42A3-9474-1A3956D46DE8}") = "Authentication", "Authentication", "{8A19A503-BBF7-4949-B777-FED9A843F205}"
EndProject
Project("{2150E333-8FDC-42A3-9474-1A3956D46DE8}") = "Caching", "Caching", "{F12FFF51-CA3A-40D0-9B5B-CE1BE1326927}"
EndProject
Project("{FAE04EC0-301F-11D3-BF4B-00C04F79EFBC}") = "AlbinMicroService.Kernel", "AlbinMicroService.Kernel\AlbinMicroService.Kernel.csproj", "{EE25AAF9-CA90-4818-80A2-BF5F1A2B6507}"
EndProject
Project("{2150E333-8FDC-42A3-9474-1A3956D46DE8}") = "ORM", "ORM", "{2755A6D6-A24F-4B89-9887-FB62A17F231D}"
EndProject
Project("{2150E333-8FDC-42A3-9474-1A3956D46DE8}") = "EntityFramework", "EntityFramework", "{3B85298B-C18B-47DD-8EF0-23D6C73D6F90}"
EndProject
Global
	GlobalSection(SolutionConfigurationPlatforms) = preSolution
		Debug|Any CPU = Debug|Any CPU
		Release|Any CPU = Release|Any CPU
	EndGlobalSection
	GlobalSection(ProjectConfigurationPlatforms) = postSolution
		{83E97FCC-54C7-489D-AE50-094058F7551E}.Debug|Any CPU.ActiveCfg = Debug|Any CPU
		{83E97FCC-54C7-489D-AE50-094058F7551E}.Debug|Any CPU.Build.0 = Debug|Any CPU
		{83E97FCC-54C7-489D-AE50-094058F7551E}.Release|Any CPU.ActiveCfg = Release|Any CPU
		{83E97FCC-54C7-489D-AE50-094058F7551E}.Release|Any CPU.Build.0 = Release|Any CPU
		{FF81B677-74D0-40DE-9C1A-06B1319F6E2C}.Debug|Any CPU.ActiveCfg = Debug|Any CPU
		{FF81B677-74D0-40DE-9C1A-06B1319F6E2C}.Debug|Any CPU.Build.0 = Debug|Any CPU
		{FF81B677-74D0-40DE-9C1A-06B1319F6E2C}.Release|Any CPU.ActiveCfg = Release|Any CPU
		{FF81B677-74D0-40DE-9C1A-06B1319F6E2C}.Release|Any CPU.Build.0 = Release|Any CPU
		{CCC94D0A-A354-499E-AFA9-6875F232D0FD}.Debug|Any CPU.ActiveCfg = Debug|Any CPU
		{CCC94D0A-A354-499E-AFA9-6875F232D0FD}.Debug|Any CPU.Build.0 = Debug|Any CPU
		{CCC94D0A-A354-499E-AFA9-6875F232D0FD}.Release|Any CPU.ActiveCfg = Release|Any CPU
		{CCC94D0A-A354-499E-AFA9-6875F232D0FD}.Release|Any CPU.Build.0 = Release|Any CPU
		{29EA9D81-ABAA-4DB0-9387-9327F56FBA24}.Debug|Any CPU.ActiveCfg = Debug|Any CPU
		{29EA9D81-ABAA-4DB0-9387-9327F56FBA24}.Debug|Any CPU.Build.0 = Debug|Any CPU
		{29EA9D81-ABAA-4DB0-9387-9327F56FBA24}.Release|Any CPU.ActiveCfg = Release|Any CPU
		{29EA9D81-ABAA-4DB0-9387-9327F56FBA24}.Release|Any CPU.Build.0 = Release|Any CPU
		{25629C9A-0AFA-48B5-8793-3840C469F485}.Debug|Any CPU.ActiveCfg = Debug|Any CPU
		{25629C9A-0AFA-48B5-8793-3840C469F485}.Debug|Any CPU.Build.0 = Debug|Any CPU
		{25629C9A-0AFA-48B5-8793-3840C469F485}.Release|Any CPU.ActiveCfg = Release|Any CPU
		{25629C9A-0AFA-48B5-8793-3840C469F485}.Release|Any CPU.Build.0 = Release|Any CPU
		{EE25AAF9-CA90-4818-80A2-BF5F1A2B6507}.Debug|Any CPU.ActiveCfg = Debug|Any CPU
		{EE25AAF9-CA90-4818-80A2-BF5F1A2B6507}.Debug|Any CPU.Build.0 = Debug|Any CPU
		{EE25AAF9-CA90-4818-80A2-BF5F1A2B6507}.Release|Any CPU.ActiveCfg = Release|Any CPU
		{EE25AAF9-CA90-4818-80A2-BF5F1A2B6507}.Release|Any CPU.Build.0 = Release|Any CPU
	EndGlobalSection
	GlobalSection(SolutionProperties) = preSolution
		HideSolutionNode = FALSE
	EndGlobalSection
	GlobalSection(NestedProjects) = preSolution
		{83E97FCC-54C7-489D-AE50-094058F7551E} = {351C53C5-3713-42C6-BED6-FE3CEA9CD511}
		{99D7FE5B-3FBB-4097-A39F-0CC78FD7FBC5} = {E505424C-8F8A-40FC-B64C-6340316547A9}
		{351C53C5-3713-42C6-BED6-FE3CEA9CD511} = {E505424C-8F8A-40FC-B64C-6340316547A9}
		{3707D438-F034-4ABE-A840-C6AFE401CE88} = {E505424C-8F8A-40FC-B64C-6340316547A9}
		{968DCF81-B5DF-4570-9A6D-A84B1C425284} = {C6082680-8015-406D-A98F-51325C08EEA5}
		{4C8B3C93-CC67-40A0-ADE9-2D547D56C4E9} = {C6082680-8015-406D-A98F-51325C08EEA5}
		{FF81B677-74D0-40DE-9C1A-06B1319F6E2C} = {99D7FE5B-3FBB-4097-A39F-0CC78FD7FBC5}
		{C4BF9694-8FFB-4812-97F2-2043C55AE7D8} = {3707D438-F034-4ABE-A840-C6AFE401CE88}
		{CCC94D0A-A354-499E-AFA9-6875F232D0FD} = {99D7FE5B-3FBB-4097-A39F-0CC78FD7FBC5}
		{29EA9D81-ABAA-4DB0-9387-9327F56FBA24} = {C4BF9694-8FFB-4812-97F2-2043C55AE7D8}
		{CDF41C7D-67D9-4E07-91C9-87187CE88FC6} = {B610A4B8-2A40-44A5-B930-A821A7C5BAE2}
		{DAC7FD5B-AB14-4C5B-BAB8-81E232CCA179} = {B610A4B8-2A40-44A5-B930-A821A7C5BAE2}
		{4472452C-FC47-4E8B-A59D-0E13A56FF536} = {B610A4B8-2A40-44A5-B930-A821A7C5BAE2}
		{25629C9A-0AFA-48B5-8793-3840C469F485} = {99D7FE5B-3FBB-4097-A39F-0CC78FD7FBC5}
		{02EA681E-C7D8-13C7-8484-4AC65E1B71E8} = {C6082680-8015-406D-A98F-51325C08EEA5}
		{9B00D231-D11C-4BC1-A5FA-024EAC3AA275} = {E505424C-8F8A-40FC-B64C-6340316547A9}
		{E9425AC9-50CA-4AAC-A22A-8FC41B9DB91D} = {9B00D231-D11C-4BC1-A5FA-024EAC3AA275}
		{BB5B65D6-45D6-49DD-A5B7-C945D4F86447} = {9B00D231-D11C-4BC1-A5FA-024EAC3AA275}
		{0B048E94-618A-4489-AD98-9DF4A002F6E5} = {E9425AC9-50CA-4AAC-A22A-8FC41B9DB91D}
		{8A19A503-BBF7-4949-B777-FED9A843F205} = {E9425AC9-50CA-4AAC-A22A-8FC41B9DB91D}
		{F12FFF51-CA3A-40D0-9B5B-CE1BE1326927} = {E9425AC9-50CA-4AAC-A22A-8FC41B9DB91D}
		{EE25AAF9-CA90-4818-80A2-BF5F1A2B6507} = {BB5B65D6-45D6-49DD-A5B7-C945D4F86447}
		{2755A6D6-A24F-4B89-9887-FB62A17F231D} = {3707D438-F034-4ABE-A840-C6AFE401CE88}
		{3B85298B-C18B-47DD-8EF0-23D6C73D6F90} = {3707D438-F034-4ABE-A840-C6AFE401CE88}
	EndGlobalSection
	GlobalSection(ExtensibilityGlobals) = postSolution
		SolutionGuid = {A5031DD2-E834-4043-BB7A-6D5A8001F83C}
	EndGlobalSection
EndGlobal
