
Microsoft Visual Studio Solution File, Format Version 12.00
# Visual Studio Version 17
VisualStudioVersion = 17.12.35707.178
MinimumVisualStudioVersion = 10.0.40219.1
Project("{FAE04EC0-301F-11D3-BF4B-00C04F79EFBC}") = "AlbinMicroService.Gateway", "AlbinMicroService.Gateway\AlbinMicroService.Gateway.csproj", "{83E97FCC-54C7-489D-AE50-094058F7551E}"
EndProject
Project("{2150E333-8FDC-42A3-9474-1A3956D46DE8}") = "Tests", "Tests", "{C6082680-8015-406D-A98F-51325C08EEA5}"
EndProject
Project("{2150E333-8FDC-42A3-9474-1A3956D46DE8}") = "MicroServices", "MicroServices", "{99D7FE5B-3FBB-4097-A39F-0CC78FD7FBC5}"
EndProject
Project("{2150E333-8FDC-42A3-9474-1A3956D46DE8}") = "Deployment", "Deployment", "{B610A4B8-2A40-44A5-B930-A821A7C5BAE2}"
EndProject
Project("{2150E333-8FDC-42A3-9474-1A3956D46DE8}") = "ApiGateway", "ApiGateway", "{351C53C5-3713-42C6-BED6-FE3CEA9CD511}"
EndProject
Project("{2150E333-8FDC-42A3-9474-1A3956D46DE8}") = "Src", "Src", "{E505424C-8F8A-40FC-B64C-6340316547A9}"
	ProjectSection(SolutionItems) = preProject
		Issues.txt = Issues.txt
		ReadMe.txt = ReadMe.txt
	EndProjectSection
EndProject
Project("{2150E333-8FDC-42A3-9474-1A3956D46DE8}") = "Shared", "Shared", "{3707D438-F034-4ABE-A840-C6AFE401CE88}"
	ProjectSection(SolutionItems) = preProject
		Shared-Purpose.txt = Shared-Purpose.txt
	EndProjectSection
EndProject
Project("{2150E333-8FDC-42A3-9474-1A3956D46DE8}") = "Unit.Tests", "Unit.Tests", "{968DCF81-B5DF-4570-9A6D-A84B1C425284}"
EndProject
Project("{2150E333-8FDC-42A3-9474-1A3956D46DE8}") = "Integration.Tests", "Integration.Tests", "{4C8B3C93-CC67-40A0-ADE9-2D547D56C4E9}"
EndProject
Project("{FAE04EC0-301F-11D3-BF4B-00C04F79EFBC}") = "AlbinMicroService.Users", "AlbinMicroService.Users\AlbinMicroService.Users.csproj", "{FF81B677-74D0-40DE-9C1A-06B1319F6E2C}"
EndProject
Project("{2150E333-8FDC-42A3-9474-1A3956D46DE8}") = "Core", "Core", "{C4BF9694-8FFB-4812-97F2-2043C55AE7D8}"
	ProjectSection(SolutionItems) = preProject
		Core-Purpose.txt = Core-Purpose.txt
	EndProjectSection
EndProject
Project("{FAE04EC0-301F-11D3-BF4B-00C04F79EFBC}") = "AlbinMicroService.MasterData", "AlbinMicroService.MasterData\AlbinMicroService.MasterData.csproj", "{CCC94D0A-A354-499E-AFA9-6875F232D0FD}"
EndProject
Project("{FAE04EC0-301F-11D3-BF4B-00C04F79EFBC}") = "AlbinMicroService.Core", "AlbinMicroService.Core\AlbinMicroService.Core.csproj", "{29EA9D81-ABAA-4DB0-9387-9327F56FBA24}"
EndProject
Project("{2150E333-8FDC-42A3-9474-1A3956D46DE8}") = "Docker", "Docker", "{CDF41C7D-67D9-4E07-91C9-87187CE88FC6}"
	ProjectSection(SolutionItems) = preProject
		ComposerDocker.txt = ComposerDocker.txt
	EndProjectSection
EndProject
Project("{2150E333-8FDC-42A3-9474-1A3956D46DE8}") = "Kubernetes", "Kubernetes", "{DAC7FD5B-AB14-4C5B-BAB8-81E232CCA179}"
EndProject
Project("{2150E333-8FDC-42A3-9474-1A3956D46DE8}") = "Scripts", "Scripts", "{4472452C-FC47-4E8B-A59D-0E13A56FF536}"
	ProjectSection(SolutionItems) = preProject
		MasterData.sql = MasterData.sql
		Users.sql = Users.sql
	EndProjectSection
EndProject
Project("{FAE04EC0-301F-11D3-BF4B-00C04F79EFBC}") = "AlbinMicroService.Administration", "AlbinMicroService.Administration\AlbinMicroService.Administration.csproj", "{25629C9A-0AFA-48B5-8793-3840C469F485}"
EndProject
Project("{2150E333-8FDC-42A3-9474-1A3956D46DE8}") = "End_To_End.Tests", "End_To_End.Tests", "{02EA681E-C7D8-13C7-8484-4AC65E1B71E8}"
EndProject
Project("{2150E333-8FDC-42A3-9474-1A3956D46DE8}") = "Kernel", "Kernel", "{497A453F-CCA3-43DE-85F6-FE46C26ED92D}"
	ProjectSection(SolutionItems) = preProject
		Kernel-Purpose.txt = Kernel-Purpose.txt
	EndProjectSection
EndProject
Project("{2150E333-8FDC-42A3-9474-1A3956D46DE8}") = "Libraries", "Libraries", "{51F72C77-839E-4BC6-BEDA-1FA10DB054EC}"
	ProjectSection(SolutionItems) = preProject
		Libraries-Purpose.txt = Libraries-Purpose.txt
	EndProjectSection
EndProject
Project("{FAE04EC0-301F-11D3-BF4B-00C04F79EFBC}") = "AlbinMicroService.Kernel", "AlbinMicroService.Kernel\AlbinMicroService.Kernel.csproj", "{7D86F901-9323-4E57-9173-F5F74F1F59BE}"
EndProject
Project("{2150E333-8FDC-42A3-9474-1A3956D46DE8}") = "ADO.NET", "ADO.NET", "{445ABC8E-236A-4916-840E-31013B53C908}"
	ProjectSection(SolutionItems) = preProject
		ADO.NET-Purpose.txt = ADO.NET-Purpose.txt
	EndProjectSection
EndProject
Project("{FAE04EC0-301F-11D3-BF4B-00C04F79EFBC}") = "AlbinMicroService.DataMappers", "AlbinMicroService.DataMappers\AlbinMicroService.DataMappers.csproj", "{CC5185E0-9DEF-4A97-B561-FA6ED6EE8DD4}"
EndProject
Project("{FAE04EC0-301F-11D3-BF4B-00C04F79EFBC}") = "AlbinMicroService.Libraries", "AlbinMicroService.Libraries\AlbinMicroService.Libraries.csproj", "{5350E514-AFE4-40BE-B850-17573F1822A4}"
EndProject
Project("{2150E333-8FDC-42A3-9474-1A3956D46DE8}") = "CI_CD", "CI_CD", "{429FEABE-4144-452F-87EA-5F2AD4418C65}"
EndProject
Project("{2150E333-8FDC-42A3-9474-1A3956D46DE8}") = "IdentityServer", "IdentityServer", "{DCA22372-3A9D-4AA2-B555-CC143C001E25}"
EndProject
Project("{FAE04EC0-301F-11D3-BF4B-00C04F79EFBC}") = "AlbinMicroService.Identity", "AlbinMicroService.Identity\AlbinMicroService.Identity.csproj", "{9E2181C8-FF1C-426C-AE46-CC22F106AE33}"
EndProject
Project("{2150E333-8FDC-42A3-9474-1A3956D46DE8}") = "PerformanceOrLoad.Tests", "PerformanceOrLoad.Tests", "{3BC0667D-3034-4C03-8F56-D3138730A526}"
EndProject
Project("{2150E333-8FDC-42A3-9474-1A3956D46DE8}") = "Contract.Tests", "Contract.Tests", "{2A05357B-930D-410D-A056-C6FE3996125D}"
EndProject
Project("{2150E333-8FDC-42A3-9474-1A3956D46DE8}") = "Security.Tests", "Security.Tests", "{0C2A5B8C-CCED-434B-8653-041D259658F6}"
EndProject
Project("{FAE04EC0-301F-11D3-BF4B-00C04F79EFBC}") = "AlbinMicroService.UnitTests", "AlbinMicroService.UnitTests\AlbinMicroService.UnitTests.csproj", "{3F29D18F-02DA-48D3-A1EB-C10AA23E6880}"
EndProject
Global
	GlobalSection(SolutionConfigurationPlatforms) = preSolution
		Debug|Any CPU = Debug|Any CPU
		Release|Any CPU = Release|Any CPU
	EndGlobalSection
	GlobalSection(ProjectConfigurationPlatforms) = postSolution
		{83E97FCC-54C7-489D-AE50-094058F7551E}.Debug|Any CPU.ActiveCfg = Debug|Any CPU
		{83E97FCC-54C7-489D-AE50-094058F7551E}.Debug|Any CPU.Build.0 = Debug|Any CPU
		{83E97FCC-54C7-489D-AE50-094058F7551E}.Release|Any CPU.ActiveCfg = Release|Any CPU
		{83E97FCC-54C7-489D-AE50-094058F7551E}.Release|Any CPU.Build.0 = Release|Any CPU
		{FF81B677-74D0-40DE-9C1A-06B1319F6E2C}.Debug|Any CPU.ActiveCfg = Debug|Any CPU
		{FF81B677-74D0-40DE-9C1A-06B1319F6E2C}.Debug|Any CPU.Build.0 = Debug|Any CPU
		{FF81B677-74D0-40DE-9C1A-06B1319F6E2C}.Release|Any CPU.ActiveCfg = Release|Any CPU
		{FF81B677-74D0-40DE-9C1A-06B1319F6E2C}.Release|Any CPU.Build.0 = Release|Any CPU
		{CCC94D0A-A354-499E-AFA9-6875F232D0FD}.Debug|Any CPU.ActiveCfg = Debug|Any CPU
		{CCC94D0A-A354-499E-AFA9-6875F232D0FD}.Debug|Any CPU.Build.0 = Debug|Any CPU
		{CCC94D0A-A354-499E-AFA9-6875F232D0FD}.Release|Any CPU.ActiveCfg = Release|Any CPU
		{CCC94D0A-A354-499E-AFA9-6875F232D0FD}.Release|Any CPU.Build.0 = Release|Any CPU
		{29EA9D81-ABAA-4DB0-9387-9327F56FBA24}.Debug|Any CPU.ActiveCfg = Debug|Any CPU
		{29EA9D81-ABAA-4DB0-9387-9327F56FBA24}.Debug|Any CPU.Build.0 = Debug|Any CPU
		{29EA9D81-ABAA-4DB0-9387-9327F56FBA24}.Release|Any CPU.ActiveCfg = Release|Any CPU
		{29EA9D81-ABAA-4DB0-9387-9327F56FBA24}.Release|Any CPU.Build.0 = Release|Any CPU
		{25629C9A-0AFA-48B5-8793-3840C469F485}.Debug|Any CPU.ActiveCfg = Debug|Any CPU
		{25629C9A-0AFA-48B5-8793-3840C469F485}.Debug|Any CPU.Build.0 = Debug|Any CPU
		{25629C9A-0AFA-48B5-8793-3840C469F485}.Release|Any CPU.ActiveCfg = Release|Any CPU
		{25629C9A-0AFA-48B5-8793-3840C469F485}.Release|Any CPU.Build.0 = Release|Any CPU
		{7D86F901-9323-4E57-9173-F5F74F1F59BE}.Debug|Any CPU.ActiveCfg = Debug|Any CPU
		{7D86F901-9323-4E57-9173-F5F74F1F59BE}.Debug|Any CPU.Build.0 = Debug|Any CPU
		{7D86F901-9323-4E57-9173-F5F74F1F59BE}.Release|Any CPU.ActiveCfg = Release|Any CPU
		{7D86F901-9323-4E57-9173-F5F74F1F59BE}.Release|Any CPU.Build.0 = Release|Any CPU
		{CC5185E0-9DEF-4A97-B561-FA6ED6EE8DD4}.Debug|Any CPU.ActiveCfg = Debug|Any CPU
		{CC5185E0-9DEF-4A97-B561-FA6ED6EE8DD4}.Debug|Any CPU.Build.0 = Debug|Any CPU
		{CC5185E0-9DEF-4A97-B561-FA6ED6EE8DD4}.Release|Any CPU.ActiveCfg = Release|Any CPU
		{CC5185E0-9DEF-4A97-B561-FA6ED6EE8DD4}.Release|Any CPU.Build.0 = Release|Any CPU
		{5350E514-AFE4-40BE-B850-17573F1822A4}.Debug|Any CPU.ActiveCfg = Debug|Any CPU
		{5350E514-AFE4-40BE-B850-17573F1822A4}.Debug|Any CPU.Build.0 = Debug|Any CPU
		{5350E514-AFE4-40BE-B850-17573F1822A4}.Release|Any CPU.ActiveCfg = Release|Any CPU
		{5350E514-AFE4-40BE-B850-17573F1822A4}.Release|Any CPU.Build.0 = Release|Any CPU
		{9E2181C8-FF1C-426C-AE46-CC22F106AE33}.Debug|Any CPU.ActiveCfg = Debug|Any CPU
		{9E2181C8-FF1C-426C-AE46-CC22F106AE33}.Debug|Any CPU.Build.0 = Debug|Any CPU
		{9E2181C8-FF1C-426C-AE46-CC22F106AE33}.Release|Any CPU.ActiveCfg = Release|Any CPU
		{9E2181C8-FF1C-426C-AE46-CC22F106AE33}.Release|Any CPU.Build.0 = Release|Any CPU
		{3F29D18F-02DA-48D3-A1EB-C10AA23E6880}.Debug|Any CPU.ActiveCfg = Debug|Any CPU
		{3F29D18F-02DA-48D3-A1EB-C10AA23E6880}.Debug|Any CPU.Build.0 = Debug|Any CPU
		{3F29D18F-02DA-48D3-A1EB-C10AA23E6880}.Release|Any CPU.ActiveCfg = Release|Any CPU
		{3F29D18F-02DA-48D3-A1EB-C10AA23E6880}.Release|Any CPU.Build.0 = Release|Any CPU
	EndGlobalSection
	GlobalSection(SolutionProperties) = preSolution
		HideSolutionNode = FALSE
	EndGlobalSection
	GlobalSection(NestedProjects) = preSolution
		{83E97FCC-54C7-489D-AE50-094058F7551E} = {351C53C5-3713-42C6-BED6-FE3CEA9CD511}
		{99D7FE5B-3FBB-4097-A39F-0CC78FD7FBC5} = {E505424C-8F8A-40FC-B64C-6340316547A9}
		{351C53C5-3713-42C6-BED6-FE3CEA9CD511} = {E505424C-8F8A-40FC-B64C-6340316547A9}
		{3707D438-F034-4ABE-A840-C6AFE401CE88} = {E505424C-8F8A-40FC-B64C-6340316547A9}
		{968DCF81-B5DF-4570-9A6D-A84B1C425284} = {C6082680-8015-406D-A98F-51325C08EEA5}
		{4C8B3C93-CC67-40A0-ADE9-2D547D56C4E9} = {C6082680-8015-406D-A98F-51325C08EEA5}
		{FF81B677-74D0-40DE-9C1A-06B1319F6E2C} = {99D7FE5B-3FBB-4097-A39F-0CC78FD7FBC5}
		{C4BF9694-8FFB-4812-97F2-2043C55AE7D8} = {3707D438-F034-4ABE-A840-C6AFE401CE88}
		{CCC94D0A-A354-499E-AFA9-6875F232D0FD} = {99D7FE5B-3FBB-4097-A39F-0CC78FD7FBC5}
		{29EA9D81-ABAA-4DB0-9387-9327F56FBA24} = {C4BF9694-8FFB-4812-97F2-2043C55AE7D8}
		{CDF41C7D-67D9-4E07-91C9-87187CE88FC6} = {B610A4B8-2A40-44A5-B930-A821A7C5BAE2}
		{DAC7FD5B-AB14-4C5B-BAB8-81E232CCA179} = {B610A4B8-2A40-44A5-B930-A821A7C5BAE2}
		{4472452C-FC47-4E8B-A59D-0E13A56FF536} = {B610A4B8-2A40-44A5-B930-A821A7C5BAE2}
		{25629C9A-0AFA-48B5-8793-3840C469F485} = {99D7FE5B-3FBB-4097-A39F-0CC78FD7FBC5}
		{02EA681E-C7D8-13C7-8484-4AC65E1B71E8} = {C6082680-8015-406D-A98F-51325C08EEA5}
		{497A453F-CCA3-43DE-85F6-FE46C26ED92D} = {3707D438-F034-4ABE-A840-C6AFE401CE88}
		{51F72C77-839E-4BC6-BEDA-1FA10DB054EC} = {3707D438-F034-4ABE-A840-C6AFE401CE88}
		{7D86F901-9323-4E57-9173-F5F74F1F59BE} = {497A453F-CCA3-43DE-85F6-FE46C26ED92D}
		{445ABC8E-236A-4916-840E-31013B53C908} = {3707D438-F034-4ABE-A840-C6AFE401CE88}
		{CC5185E0-9DEF-4A97-B561-FA6ED6EE8DD4} = {445ABC8E-236A-4916-840E-31013B53C908}
		{5350E514-AFE4-40BE-B850-17573F1822A4} = {51F72C77-839E-4BC6-BEDA-1FA10DB054EC}
		{429FEABE-4144-452F-87EA-5F2AD4418C65} = {B610A4B8-2A40-44A5-B930-A821A7C5BAE2}
		{DCA22372-3A9D-4AA2-B555-CC143C001E25} = {E505424C-8F8A-40FC-B64C-6340316547A9}
		{9E2181C8-FF1C-426C-AE46-CC22F106AE33} = {DCA22372-3A9D-4AA2-B555-CC143C001E25}
		{3BC0667D-3034-4C03-8F56-D3138730A526} = {C6082680-8015-406D-A98F-51325C08EEA5}
		{2A05357B-930D-410D-A056-C6FE3996125D} = {C6082680-8015-406D-A98F-51325C08EEA5}
		{0C2A5B8C-CCED-434B-8653-041D259658F6} = {C6082680-8015-406D-A98F-51325C08EEA5}
		{3F29D18F-02DA-48D3-A1EB-C10AA23E6880} = {968DCF81-B5DF-4570-9A6D-A84B1C425284}
	EndGlobalSection
	GlobalSection(ExtensibilityGlobals) = postSolution
		SolutionGuid = {A5031DD2-E834-4043-BB7A-6D5A8001F83C}
	EndGlobalSection
EndGlobal
